
Microsoft Visual Studio Solution File, Format Version 12.00
# Visual Studio Version 16
VisualStudioVersion = 25.0.1705.3
MinimumVisualStudioVersion = 10.0.40219.1
Project("{FAE04EC0-301F-11D3-BF4B-00C04F79EFBC}") = "Solemne1", "Solemne1\Solemne1.csproj", "{12BE2095-7353-4387-AE86-71C328621E7B}"
EndProject
Global
	GlobalSection(SolutionConfigurationPlatforms) = preSolution
		Debug|Any CPU = Debug|Any CPU
		Release|Any CPU = Release|Any CPU
	EndGlobalSection
	GlobalSection(ProjectConfigurationPlatforms) = postSolution
		{12BE2095-7353-4387-AE86-71C328621E7B}.Debug|Any CPU.ActiveCfg = Debug|Any CPU
		{12BE2095-7353-4387-AE86-71C328621E7B}.Debug|Any CPU.Build.0 = Debug|Any CPU
		{12BE2095-7353-4387-AE86-71C328621E7B}.Release|Any CPU.ActiveCfg = Release|Any CPU
		{12BE2095-7353-4387-AE86-71C328621E7B}.Release|Any CPU.Build.0 = Release|Any CPU
	EndGlobalSection
	GlobalSection(SolutionProperties) = preSolution
		HideSolutionNode = FALSE
	EndGlobalSection
	GlobalSection(ExtensibilityGlobals) = postSolution
		SolutionGuid = {F8C129B6-CA5D-4553-9237-738094824895}
	EndGlobalSection
EndGlobal
